{
  "version": 4,
  "terraform_version": "1.1.8",
  "serial": 1,
  "lineage": "1dab7c9c-3145-309b-688a-d38506c89af7",
  "outputs": {},
  "resources": [
    {
      "mode": "data",
      "type": "digitalocean_ssh_key",
      "name": "do_global_key",
      "provider": "provider[\"registry.terraform.io/digitalocean/digitalocean\"]",
      "instances": [
        {
          "schema_version": 0,
          "attributes": {
            "fingerprint": "6b:66:54:e5:68:93:39:90:2a:0c:23:65:74:b0:ee:df",
            "id": 38921237,
            "name": "do_global_key",
            "public_key": "ssh-rsa AAAAB3NzaC1yc2EAAAADAQABAAABgQDgmfXyJN11la9KLUfI82jwZ6Aqi1dmZSr1s1O/f6H0iUV4BIWD109dq077hYeXAMFdzJwBW1VXStqHQMB8k9qhfIP4jlC7j76aqQwPrtmz4EN2z21OszSn4aH+GJCO2H0FPC2sbjXZwfwhwumHt8limEtRmqLtd52CzFwsaAg+TBdW+XWBM/FRyHh+s7O0h8kZV6nrr+tcB5PnF/F/TzNKgClJzle/txvbl0ljT7aHFDf9/QT1OzZnMBLauRFbv7jxhTkB7WPLkpuSWuj3Y4THrXra9rcyfufw+PXDf07fR4+SqJ40NAoXmLIPr9X3TA5Lkb02CV6OFjle2DveiUiVcQ2iEE99jALpgLJmVjzsQsFx75kvnv7koILAgoYqU003ANg9CBOtFqR3YqqdAEZly5vc+KskXW8chXbut4ObuHbyurDFb6lbjUsfQXT1sgmbtuQV6CXzd5xqDWS6TxBesVtWUmv0LH02qYCF+lv75G5qZ5pK55tsczF9ril1N0k= tech99@tech99"
          },
          "sensitive_attributes": []
        }
      ]
    },
    {
      "mode": "managed",
      "type": "digitalocean_droplet",
      "name": "www-1",
      "provider": "provider[\"registry.terraform.io/digitalocean/digitalocean\"]",
      "instances": [
        {
          "schema_version": 1,
          "attributes": {
            "backups": false,
            "created_at": "2023-07-23T14:03:09Z",
            "disk": 25,
            "droplet_agent": null,
            "graceful_shutdown": false,
            "id": "366592794",
            "image": "ubuntu-20-04-x64",
            "ipv4_address": "104.131.5.161",
            "ipv4_address_private": "10.108.0.2",
            "ipv6": false,
            "ipv6_address": "",
            "locked": false,
            "memory": 1024,
            "monitoring": false,
            "name": "www-1",
            "price_hourly": 0.00893,
            "price_monthly": 6,
            "private_networking": true,
            "region": "nyc3",
            "resize_disk": true,
            "size": "s-1vcpu-1gb",
            "ssh_keys": [
              "38921237"
            ],
            "status": "active",
            "tags": null,
            "timeouts": null,
            "urn": "do:droplet:366592794",
            "user_data": null,
            "vcpus": 1,
            "volume_ids": [],
            "vpc_uuid": "82658cbd-0028-4d77-b9dd-732353323693"
          },
          "sensitive_attributes": [],
          "private": "eyJlMmJmYjczMC1lY2FhLTExZTYtOGY4OC0zNDM2M2JjN2M0YzAiOnsiY3JlYXRlIjozNjAwMDAwMDAwMDAwLCJkZWxldGUiOjYwMDAwMDAwMDAwLCJ1cGRhdGUiOjM2MDAwMDAwMDAwMDB9LCJzY2hlbWFfdmVyc2lvbiI6IjEifQ==",
          "dependencies": [
            "data.digitalocean_ssh_key.do_global_key"
          ]
        }
      ]
    }
  ]
}
